// !$*UTF8*$!
{
	archiveVersion = 1;
	classes = {
	};
	objectVersion = 50;
	objects = {

/* Begin PBXBuildFile section */
		5549951D0A5D1D24C0D119CC /* libPods-FishControl.a in Frameworks */ = {isa = PBXBuildFile; fileRef = F1CBF3F1C79BC23A8CADF726 /* libPods-FishControl.a */; };
		8203A973249E390B00913686 /* AppDelegate.swift in Sources */ = {isa = PBXBuildFile; fileRef = 8203A972249E390B00913686 /* AppDelegate.swift */; };
		8203A975249E390B00913686 /* SceneDelegate.swift in Sources */ = {isa = PBXBuildFile; fileRef = 8203A974249E390B00913686 /* SceneDelegate.swift */; };
		8203A977249E390B00913686 /* ViewController.swift in Sources */ = {isa = PBXBuildFile; fileRef = 8203A976249E390B00913686 /* ViewController.swift */; };
		8203A97A249E390C00913686 /* Main.storyboard in Resources */ = {isa = PBXBuildFile; fileRef = 8203A978249E390C00913686 /* Main.storyboard */; };
		8203A97C249E394C00913686 /* Assets.xcassets in Resources */ = {isa = PBXBuildFile; fileRef = 8203A97B249E394C00913686 /* Assets.xcassets */; };
		82DF0BA024A0E960008D60D1 /* yellowHouse.jpg in Resources */ = {isa = PBXBuildFile; fileRef = 82DF0B9F24A0E95E008D60D1 /* yellowHouse.jpg */; };
		82DF0BA224A0E99F008D60D1 /* lakeOne.jpg in Resources */ = {isa = PBXBuildFile; fileRef = 82DF0BA124A0E99E008D60D1 /* lakeOne.jpg */; };
		82DF0BA424A0E9A8008D60D1 /* lakeTwo.jpg in Resources */ = {isa = PBXBuildFile; fileRef = 82DF0BA324A0E9A8008D60D1 /* lakeTwo.jpg */; };
		82DF0BA624A0EB72008D60D1 /* fishControl.png in Resources */ = {isa = PBXBuildFile; fileRef = 82DF0BA524A0EB72008D60D1 /* fishControl.png */; };
		82DF0BA824A17F77008D60D1 /* ClientsViewController.swift in Sources */ = {isa = PBXBuildFile; fileRef = 82DF0BA724A17F77008D60D1 /* ClientsViewController.swift */; };
		82DF0BAA24A18AD0008D60D1 /* ExpensesViewController.swift in Sources */ = {isa = PBXBuildFile; fileRef = 82DF0BA924A18AD0008D60D1 /* ExpensesViewController.swift */; };
		82DF0BAC24A18B24008D60D1 /* redHouse.jpg in Resources */ = {isa = PBXBuildFile; fileRef = 82DF0BAB24A18B24008D60D1 /* redHouse.jpg */; };
		82DF0BAE24A193C4008D60D1 /* LakeViewController.swift in Sources */ = {isa = PBXBuildFile; fileRef = 82DF0BAD24A193C4008D60D1 /* LakeViewController.swift */; };
/* End PBXBuildFile section */

/* Begin PBXFileReference section */
		7C46D1E8C663AD35692040BD /* Pods-FishControl.release.xcconfig */ = {isa = PBXFileReference; includeInIndex = 1; lastKnownFileType = text.xcconfig; name = "Pods-FishControl.release.xcconfig"; path = "Target Support Files/Pods-FishControl/Pods-FishControl.release.xcconfig"; sourceTree = "<group>"; };
		8203A96F249E390B00913686 /* FishControl.app */ = {isa = PBXFileReference; explicitFileType = wrapper.application; includeInIndex = 0; path = FishControl.app; sourceTree = BUILT_PRODUCTS_DIR; };
		8203A972249E390B00913686 /* AppDelegate.swift */ = {isa = PBXFileReference; lastKnownFileType = sourcecode.swift; path = AppDelegate.swift; sourceTree = "<group>"; };
		8203A974249E390B00913686 /* SceneDelegate.swift */ = {isa = PBXFileReference; lastKnownFileType = sourcecode.swift; path = SceneDelegate.swift; sourceTree = "<group>"; };
		8203A976249E390B00913686 /* ViewController.swift */ = {isa = PBXFileReference; lastKnownFileType = sourcecode.swift; path = ViewController.swift; sourceTree = "<group>"; };
		8203A979249E390C00913686 /* Base */ = {isa = PBXFileReference; lastKnownFileType = file.storyboard; name = Base; path = Base.lproj/Main.storyboard; sourceTree = "<group>"; };
		8203A97B249E394C00913686 /* Assets.xcassets */ = {isa = PBXFileReference; lastKnownFileType = folder.assetcatalog; path = Assets.xcassets; sourceTree = "<group>"; };
		8203A980249E394C00913686 /* Info.plist */ = {isa = PBXFileReference; lastKnownFileType = text.plist.xml; path = Info.plist; sourceTree = "<group>"; };
		82DF0B9F24A0E95E008D60D1 /* yellowHouse.jpg */ = {isa = PBXFileReference; lastKnownFileType = image.jpeg; path = yellowHouse.jpg; sourceTree = "<group>"; };
		82DF0BA124A0E99E008D60D1 /* lakeOne.jpg */ = {isa = PBXFileReference; lastKnownFileType = image.jpeg; path = lakeOne.jpg; sourceTree = "<group>"; };
		82DF0BA324A0E9A8008D60D1 /* lakeTwo.jpg */ = {isa = PBXFileReference; lastKnownFileType = image.jpeg; path = lakeTwo.jpg; sourceTree = "<group>"; };
		82DF0BA524A0EB72008D60D1 /* fishControl.png */ = {isa = PBXFileReference; lastKnownFileType = image.png; path = fishControl.png; sourceTree = "<group>"; };
		82DF0BA724A17F77008D60D1 /* ClientsViewController.swift */ = {isa = PBXFileReference; lastKnownFileType = sourcecode.swift; path = ClientsViewController.swift; sourceTree = "<group>"; };
		82DF0BA924A18AD0008D60D1 /* ExpensesViewController.swift */ = {isa = PBXFileReference; lastKnownFileType = sourcecode.swift; path = ExpensesViewController.swift; sourceTree = "<group>"; };
		82DF0BAB24A18B24008D60D1 /* redHouse.jpg */ = {isa = PBXFileReference; lastKnownFileType = image.jpeg; path = redHouse.jpg; sourceTree = "<group>"; };
		82DF0BAD24A193C4008D60D1 /* LakeViewController.swift */ = {isa = PBXFileReference; lastKnownFileType = sourcecode.swift; path = LakeViewController.swift; sourceTree = "<group>"; };
		A8868855040ACF170617709E /* Pods-FishControl.debug.xcconfig */ = {isa = PBXFileReference; includeInIndex = 1; lastKnownFileType = text.xcconfig; name = "Pods-FishControl.debug.xcconfig"; path = "Target Support Files/Pods-FishControl/Pods-FishControl.debug.xcconfig"; sourceTree = "<group>"; };
		F1CBF3F1C79BC23A8CADF726 /* libPods-FishControl.a */ = {isa = PBXFileReference; explicitFileType = archive.ar; includeInIndex = 0; path = "libPods-FishControl.a"; sourceTree = BUILT_PRODUCTS_DIR; };
/* End PBXFileReference section */

/* Begin PBXFrameworksBuildPhase section */
		8203A96C249E390A00913686 /* Frameworks */ = {
			isa = PBXFrameworksBuildPhase;
			buildActionMask = 2147483647;
			files = (
				5549951D0A5D1D24C0D119CC /* libPods-FishControl.a in Frameworks */,
			);
			runOnlyForDeploymentPostprocessing = 0;
		};
/* End PBXFrameworksBuildPhase section */

/* Begin PBXGroup section */
		4A901C600F7EEF936EF5125F /* Pods */ = {
			isa = PBXGroup;
			children = (
				A8868855040ACF170617709E /* Pods-FishControl.debug.xcconfig */,
				7C46D1E8C663AD35692040BD /* Pods-FishControl.release.xcconfig */,
			);
			path = Pods;
			sourceTree = "<group>";
		};
		8203A966249E390A00913686 = {
			isa = PBXGroup;
			children = (
				8203A971249E390B00913686 /* FishControl */,
				8203A970249E390B00913686 /* Products */,
				4A901C600F7EEF936EF5125F /* Pods */,
				9855D8792538F2ED5B62203F /* Frameworks */,
			);
			sourceTree = "<group>";
		};
		8203A970249E390B00913686 /* Products */ = {
			isa = PBXGroup;
			children = (
				8203A96F249E390B00913686 /* FishControl.app */,
			);
			name = Products;
			sourceTree = "<group>";
		};
		8203A971249E390B00913686 /* FishControl */ = {
			isa = PBXGroup;
			children = (
				8203A972249E390B00913686 /* AppDelegate.swift */,
				8203A974249E390B00913686 /* SceneDelegate.swift */,
				82DF0BAD24A193C4008D60D1 /* LakeViewController.swift */,
				8203A976249E390B00913686 /* ViewController.swift */,
				82DF0BA124A0E99E008D60D1 /* lakeOne.jpg */,
				82DF0BA324A0E9A8008D60D1 /* lakeTwo.jpg */,
				82DF0B9F24A0E95E008D60D1 /* yellowHouse.jpg */,
				82DF0BA524A0EB72008D60D1 /* fishControl.png */,
				82DF0BAB24A18B24008D60D1 /* redHouse.jpg */,
				8203A978249E390C00913686 /* Main.storyboard */,
				8203A97B249E394C00913686 /* Assets.xcassets */,
				8203A980249E394C00913686 /* Info.plist */,
				82DF0BA724A17F77008D60D1 /* ClientsViewController.swift */,
				82DF0BA924A18AD0008D60D1 /* ExpensesViewController.swift */,
			);
			path = FishControl;
			sourceTree = "<group>";
		};
		9855D8792538F2ED5B62203F /* Frameworks */ = {
			isa = PBXGroup;
			children = (
				F1CBF3F1C79BC23A8CADF726 /* libPods-FishControl.a */,
			);
			name = Frameworks;
			sourceTree = "<group>";
		};
/* End PBXGroup section */

/* Begin PBXNativeTarget section */
		8203A96E249E390A00913686 /* FishControl */ = {
			isa = PBXNativeTarget;
			buildConfigurationList = 8203A983249E394D00913686 /* Build configuration list for PBXNativeTarget "FishControl" */;
			buildPhases = (
				B9087B5504AF5D5AA055F1E6 /* [CP] Check Pods Manifest.lock */,
				8203A96B249E390A00913686 /* Sources */,
				8203A96C249E390A00913686 /* Frameworks */,
				8203A96D249E390A00913686 /* Resources */,
			);
			buildRules = (
			);
			dependencies = (
			);
			name = FishControl;
			productName = FishControl;
			productReference = 8203A96F249E390B00913686 /* FishControl.app */;
			productType = "com.apple.product-type.application";
		};
/* End PBXNativeTarget section */

/* Begin PBXProject section */
		8203A967249E390A00913686 /* Project object */ = {
			isa = PBXProject;
			attributes = {
				LastSwiftUpdateCheck = 1140;
				LastUpgradeCheck = 1140;
				ORGANIZATIONNAME = "Vanessa Furtado";
				TargetAttributes = {
					8203A96E249E390A00913686 = {
						CreatedOnToolsVersion = 11.4.1;
					};
				};
			};
			buildConfigurationList = 8203A96A249E390A00913686 /* Build configuration list for PBXProject "FishControl" */;
			compatibilityVersion = "Xcode 9.3";
			developmentRegion = en;
			hasScannedForEncodings = 0;
			knownRegions = (
				en,
				Base,
			);
			mainGroup = 8203A966249E390A00913686;
			productRefGroup = 8203A970249E390B00913686 /* Products */;
			projectDirPath = "";
			projectRoot = "";
			targets = (
				8203A96E249E390A00913686 /* FishControl */,
			);
		};
/* End PBXProject section */

/* Begin PBXResourcesBuildPhase section */
		8203A96D249E390A00913686 /* Resources */ = {
			isa = PBXResourcesBuildPhase;
			buildActionMask = 2147483647;
			files = (
				82DF0BA424A0E9A8008D60D1 /* lakeTwo.jpg in Resources */,
				82DF0BA624A0EB72008D60D1 /* fishControl.png in Resources */,
				8203A97C249E394C00913686 /* Assets.xcassets in Resources */,
				8203A97A249E390C00913686 /* Main.storyboard in Resources */,
				82DF0BAC24A18B24008D60D1 /* redHouse.jpg in Resources */,
				82DF0BA024A0E960008D60D1 /* yellowHouse.jpg in Resources */,
				82DF0BA224A0E99F008D60D1 /* lakeOne.jpg in Resources */,
			);
			runOnlyForDeploymentPostprocessing = 0;
		};
/* End PBXResourcesBuildPhase section */

/* Begin PBXShellScriptBuildPhase section */
		B9087B5504AF5D5AA055F1E6 /* [CP] Check Pods Manifest.lock */ = {
			isa = PBXShellScriptBuildPhase;
			buildActionMask = 2147483647;
			files = (
			);
			inputFileListPaths = (
			);
			inputPaths = (
				"${PODS_PODFILE_DIR_PATH}/Podfile.lock",
				"${PODS_ROOT}/Manifest.lock",
			);
			name = "[CP] Check Pods Manifest.lock";
			outputFileListPaths = (
			);
			outputPaths = (
				"$(DERIVED_FILE_DIR)/Pods-FishControl-checkManifestLockResult.txt",
			);
			runOnlyForDeploymentPostprocessing = 0;
			shellPath = /bin/sh;
			shellScript = "diff \"${PODS_PODFILE_DIR_PATH}/Podfile.lock\" \"${PODS_ROOT}/Manifest.lock\" > /dev/null\nif [ $? != 0 ] ; then\n    # print error to STDERR\n    echo \"error: The sandbox is not in sync with the Podfile.lock. Run 'pod install' or update your CocoaPods installation.\" >&2\n    exit 1\nfi\n# This output is used by Xcode 'outputs' to avoid re-running this script phase.\necho \"SUCCESS\" > \"${SCRIPT_OUTPUT_FILE_0}\"\n";
			showEnvVarsInLog = 0;
		};
/* End PBXShellScriptBuildPhase section */

/* Begin PBXSourcesBuildPhase section */
		8203A96B249E390A00913686 /* Sources */ = {
			isa = PBXSourcesBuildPhase;
			buildActionMask = 2147483647;
			files = (
				8203A977249E390B00913686 /* ViewController.swift in Sources */,
				82DF0BAE24A193C4008D60D1 /* LakeViewController.swift in Sources */,
				8203A973249E390B00913686 /* AppDelegate.swift in Sources */,
				8203A975249E390B00913686 /* SceneDelegate.swift in Sources */,
				82DF0BAA24A18AD0008D60D1 /* ExpensesViewController.swift in Sources */,
				82DF0BA824A17F77008D60D1 /* ClientsViewController.swift in Sources */,
			);
			runOnlyForDeploymentPostprocessing = 0;
		};
/* End PBXSourcesBuildPhase section */

/* Begin PBXVariantGroup section */
		8203A978249E390C00913686 /* Main.storyboard */ = {
			isa = PBXVariantGroup;
			children = (
				8203A979249E390C00913686 /* Base */,
			);
			name = Main.storyboard;
			sourceTree = "<group>";
		};
/* End PBXVariantGroup section */

/* Begin XCBuildConfiguration section */
		8203A981249E394C00913686 /* Debug */ = {
			isa = XCBuildConfiguration;
			buildSettings = {
				ALWAYS_SEARCH_USER_PATHS = NO;
				CLANG_ANALYZER_NONNULL = YES;
				CLANG_ANALYZER_NUMBER_OBJECT_CONVERSION = YES_AGGRESSIVE;
				CLANG_CXX_LANGUAGE_STANDARD = "gnu++14";
				CLANG_CXX_LIBRARY = "libc++";
				CLANG_ENABLE_MODULES = YES;
				CLANG_ENABLE_OBJC_ARC = YES;
				CLANG_ENABLE_OBJC_WEAK = YES;
				CLANG_WARN_BLOCK_CAPTURE_AUTORELEASING = YES;
				CLANG_WARN_BOOL_CONVERSION = YES;
				CLANG_WARN_COMMA = YES;
				CLANG_WARN_CONSTANT_CONVERSION = YES;
				CLANG_WARN_DEPRECATED_OBJC_IMPLEMENTATIONS = YES;
				CLANG_WARN_DIRECT_OBJC_ISA_USAGE = YES_ERROR;
				CLANG_WARN_DOCUMENTATION_COMMENTS = YES;
				CLANG_WARN_EMPTY_BODY = YES;
				CLANG_WARN_ENUM_CONVERSION = YES;
				CLANG_WARN_INFINITE_RECURSION = YES;
				CLANG_WARN_INT_CONVERSION = YES;
				CLANG_WARN_NON_LITERAL_NULL_CONVERSION = YES;
				CLANG_WARN_OBJC_IMPLICIT_RETAIN_SELF = YES;
				CLANG_WARN_OBJC_LITERAL_CONVERSION = YES;
				CLANG_WARN_OBJC_ROOT_CLASS = YES_ERROR;
				CLANG_WARN_RANGE_LOOP_ANALYSIS = YES;
				CLANG_WARN_STRICT_PROTOTYPES = YES;
				CLANG_WARN_SUSPICIOUS_MOVE = YES;
				CLANG_WARN_UNGUARDED_AVAILABILITY = YES_AGGRESSIVE;
				CLANG_WARN_UNREACHABLE_CODE = YES;
				CLANG_WARN__DUPLICATE_METHOD_MATCH = YES;
				COPY_PHASE_STRIP = NO;
				DEBUG_INFORMATION_FORMAT = dwarf;
				ENABLE_STRICT_OBJC_MSGSEND = YES;
				ENABLE_TESTABILITY = YES;
				GCC_C_LANGUAGE_STANDARD = gnu11;
				GCC_DYNAMIC_NO_PIC = NO;
				GCC_NO_COMMON_BLOCKS = YES;
				GCC_OPTIMIZATION_LEVEL = 0;
				GCC_PREPROCESSOR_DEFINITIONS = (
					"DEBUG=1",
					"$(inherited)",
				);
				GCC_WARN_64_TO_32_BIT_CONVERSION = YES;
				GCC_WARN_ABOUT_RETURN_TYPE = YES_ERROR;
				GCC_WARN_UNDECLARED_SELECTOR = YES;
				GCC_WARN_UNINITIALIZED_AUTOS = YES_AGGRESSIVE;
				GCC_WARN_UNUSED_FUNCTION = YES;
				GCC_WARN_UNUSED_VARIABLE = YES;
				IPHONEOS_DEPLOYMENT_TARGET = 13.4;
				MTL_ENABLE_DEBUG_INFO = INCLUDE_SOURCE;
				MTL_FAST_MATH = YES;
				ONLY_ACTIVE_ARCH = YES;
				SDKROOT = iphoneos;
				SWIFT_ACTIVE_COMPILATION_CONDITIONS = DEBUG;
				SWIFT_OPTIMIZATION_LEVEL = "-Onone";
			};
			name = Debug;
		};
		8203A982249E394C00913686 /* Release */ = {
			isa = XCBuildConfiguration;
			buildSettings = {
				ALWAYS_SEARCH_USER_PATHS = NO;
				CLANG_ANALYZER_NONNULL = YES;
				CLANG_ANALYZER_NUMBER_OBJECT_CONVERSION = YES_AGGRESSIVE;
				CLANG_CXX_LANGUAGE_STANDARD = "gnu++14";
				CLANG_CXX_LIBRARY = "libc++";
				CLANG_ENABLE_MODULES = YES;
				CLANG_ENABLE_OBJC_ARC = YES;
				CLANG_ENABLE_OBJC_WEAK = YES;
				CLANG_WARN_BLOCK_CAPTURE_AUTORELEASING = YES;
				CLANG_WARN_BOOL_CONVERSION = YES;
				CLANG_WARN_COMMA = YES;
				CLANG_WARN_CONSTANT_CONVERSION = YES;
				CLANG_WARN_DEPRECATED_OBJC_IMPLEMENTATIONS = YES;
				CLANG_WARN_DIRECT_OBJC_ISA_USAGE = YES_ERROR;
				CLANG_WARN_DOCUMENTATION_COMMENTS = YES;
				CLANG_WARN_EMPTY_BODY = YES;
				CLANG_WARN_ENUM_CONVERSION = YES;
				CLANG_WARN_INFINITE_RECURSION = YES;
				CLANG_WARN_INT_CONVERSION = YES;
				CLANG_WARN_NON_LITERAL_NULL_CONVERSION = YES;
				CLANG_WARN_OBJC_IMPLICIT_RETAIN_SELF = YES;
				CLANG_WARN_OBJC_LITERAL_CONVERSION = YES;
				CLANG_WARN_OBJC_ROOT_CLASS = YES_ERROR;
				CLANG_WARN_RANGE_LOOP_ANALYSIS = YES;
				CLANG_WARN_STRICT_PROTOTYPES = YES;
				CLANG_WARN_SUSPICIOUS_MOVE = YES;
				CLANG_WARN_UNGUARDED_AVAILABILITY = YES_AGGRESSIVE;
				CLANG_WARN_UNREACHABLE_CODE = YES;
				CLANG_WARN__DUPLICATE_METHOD_MATCH = YES;
				COPY_PHASE_STRIP = NO;
				DEBUG_INFORMATION_FORMAT = "dwarf-with-dsym";
				ENABLE_NS_ASSERTIONS = NO;
				ENABLE_STRICT_OBJC_MSGSEND = YES;
				GCC_C_LANGUAGE_STANDARD = gnu11;
				GCC_NO_COMMON_BLOCKS = YES;
				GCC_WARN_64_TO_32_BIT_CONVERSION = YES;
				GCC_WARN_ABOUT_RETURN_TYPE = YES_ERROR;
				GCC_WARN_UNDECLARED_SELECTOR = YES;
				GCC_WARN_UNINITIALIZED_AUTOS = YES_AGGRESSIVE;
				GCC_WARN_UNUSED_FUNCTION = YES;
				GCC_WARN_UNUSED_VARIABLE = YES;
				IPHONEOS_DEPLOYMENT_TARGET = 13.4;
				MTL_ENABLE_DEBUG_INFO = NO;
				MTL_FAST_MATH = YES;
				SDKROOT = iphoneos;
				SWIFT_COMPILATION_MODE = wholemodule;
				SWIFT_OPTIMIZATION_LEVEL = "-O";
				VALIDATE_PRODUCT = YES;
			};
			name = Release;
		};
		8203A984249E394D00913686 /* Debug */ = {
			isa = XCBuildConfiguration;
			baseConfigurationReference = A8868855040ACF170617709E /* Pods-FishControl.debug.xcconfig */;
			buildSettings = {
				ASSETCATALOG_COMPILER_APPICON_NAME = AppIcon;
				CODE_SIGN_IDENTITY = "Apple Development";
				CODE_SIGN_STYLE = Automatic;
				DEVELOPMENT_TEAM = ANAHW2C9Y9;
				INFOPLIST_FILE = FishControl/Info.plist;
				LD_RUNPATH_SEARCH_PATHS = (
					"$(inherited)",
					"@executable_path/Frameworks",
				);
				PRODUCT_BUNDLE_IDENTIFIER = vanessafurtado.FishControl;
				PRODUCT_NAME = "$(TARGET_NAME)";
				PROVISIONING_PROFILE_SPECIFIER = "";
				SWIFT_VERSION = 5.0;
				TARGETED_DEVICE_FAMILY = "1,2";
			};
			name = Debug;
		};
		8203A985249E394D00913686 /* Release */ = {
			isa = XCBuildConfiguration;
			baseConfigurationReference = 7C46D1E8C663AD35692040BD /* Pods-FishControl.release.xcconfig */;
			buildSettings = {
				ASSETCATALOG_COMPILER_APPICON_NAME = AppIcon;
				CODE_SIGN_IDENTITY = "Apple Development";
				CODE_SIGN_STYLE = Automatic;
				DEVELOPMENT_TEAM = ANAHW2C9Y9;
				INFOPLIST_FILE = FishControl/Info.plist;
				LD_RUNPATH_SEARCH_PATHS = (
					"$(inherited)",
					"@executable_path/Frameworks",
				);
				PRODUCT_BUNDLE_IDENTIFIER = vanessafurtado.FishControl;
				PRODUCT_NAME = "$(TARGET_NAME)";
				PROVISIONING_PROFILE_SPECIFIER = "";
				SWIFT_VERSION = 5.0;
				TARGETED_DEVICE_FAMILY = "1,2";
			};
			name = Release;
		};
/* End XCBuildConfiguration section */

/* Begin XCConfigurationList section */
		8203A96A249E390A00913686 /* Build configuration list for PBXProject "FishControl" */ = {
			isa = XCConfigurationList;
			buildConfigurations = (
				8203A981249E394C00913686 /* Debug */,
				8203A982249E394C00913686 /* Release */,
			);
			defaultConfigurationIsVisible = 0;
			defaultConfigurationName = Release;
		};
		8203A983249E394D00913686 /* Build configuration list for PBXNativeTarget "FishControl" */ = {
			isa = XCConfigurationList;
			buildConfigurations = (
				8203A984249E394D00913686 /* Debug */,
				8203A985249E394D00913686 /* Release */,
			);
			defaultConfigurationIsVisible = 0;
			defaultConfigurationName = Release;
		};
/* End XCConfigurationList section */
	};
	rootObject = 8203A967249E390A00913686 /* Project object */;
}
